<?xml version="1.0" encoding="utf-8"?>
<Project ToolsVersion="4.0" xmlns="http://schemas.microsoft.com/developer/msbuild/2003">
  <ItemGroup>
    <Filter Include="Source Files">
      <UniqueIdentifier>{4FC737F1-C7A5-4376-A066-2A32D752A2FF}</UniqueIdentifier>
      <Extensions>cpp;c;cc;cxx;c++;cppm;ixx;def;odl;idl;hpj;bat;asm;asmx</Extensions>
    </Filter>
    <Filter Include="Header Files">
      <UniqueIdentifier>{93995380-89BD-4b04-88EB-625FBE52EBFB}</UniqueIdentifier>
      <Extensions>h;hh;hpp;hxx;h++;hm;inl;inc;ipp;xsd</Extensions>
    </Filter>
    <Filter Include="Resource Files">
      <UniqueIdentifier>{67DA6AB6-F800-4c08-8B7A-83BB121AAD01}</UniqueIdentifier>
      <Extensions>rc;ico;cur;bmp;dlg;rc2;rct;bin;rgs;gif;jpg;jpeg;jpe;resx;tiff;tif;png;wav;mfcribbon-ms</Extensions>
    </Filter>
    <Filter Include="data">
      <UniqueIdentifier>{0799e6b4-7834-4cfc-9522-e062eb7edcae}</UniqueIdentifier>
    </Filter>
    <Filter Include="tests">
      <UniqueIdentifier>{81b41093-635b-4b19-a51c-d81c4a4efeba}</UniqueIdentifier>
    </Filter>
    <Filter Include="io">
      <UniqueIdentifier>{1c429255-836e-4b07-929f-88af282388c3}</UniqueIdentifier>
    </Filter>
    <Filter Include="encoding">
      <UniqueIdentifier>{a622b21b-b372-4681-a63e-bb15578bf2b5}</UniqueIdentifier>
    </Filter>
    <Filter Include="encoding\huffman">
      <UniqueIdentifier>{678082e1-225e-4a4a-9a50-6bf5ac95c4c6}</UniqueIdentifier>
    </Filter>
  </ItemGroup>
  <ItemGroup>
    <ClInclude Include="catch.hpp">
      <Filter>Header Files</Filter>
    </ClInclude>
    <ClInclude Include="easylogging++.h">
      <Filter>Header Files</Filter>
    </ClInclude>
    <ClInclude Include="util.h">
      <Filter>Source Files</Filter>
    </ClInclude>
    <ClInclude Include="frequency-table.h">
      <Filter>data</Filter>
    </ClInclude>
    <ClInclude Include="C:\Program Files (x86)\Windows Kits\10\Include\10.0.19041.0\ucrt\io.h">
      <Filter>Header Files</Filter>
    </ClInclude>
    <ClInclude Include="encoding.h">
      <Filter>encoding</Filter>
    </ClInclude>
    <ClInclude Include="binary-io.h">
      <Filter>io</Filter>
    </ClInclude>
    <ClInclude Include="binary-tree.h">
      <Filter>data</Filter>
    </ClInclude>
    <ClInclude Include="io\memory-buffer.h">
      <Filter>io</Filter>
    </ClInclude>
    <ClInclude Include="io\streams.h">
      <Filter>io</Filter>
    </ClInclude>
    <ClInclude Include="io\data-endpoints.h">
      <Filter>Source Files</Filter>
    </ClInclude>
    <ClInclude Include="io\files.h">
      <Filter>Source Files</Filter>
    </ClInclude>
    <ClInclude Include="eof-encoding.h">
      <Filter>encoding</Filter>
    </ClInclude>
    <ClInclude Include="bit-grouper.h">
      <Filter>encoding</Filter>
    </ClInclude>
    <ClInclude Include="encoding-combiner.h">
      <Filter>encoding</Filter>
    </ClInclude>
    <ClInclude Include="tree-encoding.h">
      <Filter>encoding\huffman</Filter>
    </ClInclude>
    <ClInclude Include="huffman-encoding.h">
      <Filter>encoding\huffman</Filter>
    </ClInclude>
  </ItemGroup>
  <ItemGroup>
    <ClCompile Include="easylogging++.cc">
      <Filter>Source Files</Filter>
    </ClCompile>
    <ClCompile Include="app.cpp">
      <Filter>Source Files</Filter>
    </ClCompile>
    <ClCompile Include="logging.cpp">
      <Filter>Source Files</Filter>
    </ClCompile>
    <ClCompile Include="tests\tests.cpp">
      <Filter>tests</Filter>
    </ClCompile>
    <ClCompile Include="tests\type-selection-tests.cpp">
      <Filter>tests</Filter>
    </ClCompile>
    <ClCompile Include="binary-io.cpp">
      <Filter>io</Filter>
    </ClCompile>
    <ClCompile Include="io\files.cpp">
      <Filter>Source Files</Filter>
    </ClCompile>
    <ClCompile Include="eof-encoding.cpp">
      <Filter>encoding</Filter>
    </ClCompile>
    <ClCompile Include="bit-grouper.cpp">
      <Filter>encoding</Filter>
    </ClCompile>
    <ClCompile Include="tree-encoding.cpp">
      <Filter>encoding\huffman</Filter>
    </ClCompile>
    <ClCompile Include="huffman-encoding.cpp">
      <Filter>encoding\huffman</Filter>
    </ClCompile>
    <ClCompile Include="binary-tree-tests.cpp">
      <Filter>tests</Filter>
    </ClCompile>
    <ClCompile Include="memorybuffer-tests.cpp">
      <Filter>tests</Filter>
    </ClCompile>
    <ClCompile Include="bit-grouper-tests.cpp">
      <Filter>tests</Filter>
    </ClCompile>
    <ClCompile Include="encoding-tests.cpp">
      <Filter>tests</Filter>
    </ClCompile>
    <ClCompile Include="huffman-tests.cpp">
      <Filter>tests</Filter>
    </ClCompile>
  </ItemGroup>
  <ItemGroup>
    <Text Include="text.txt">
      <Filter>Source Files</Filter>
    </Text>
  </ItemGroup>
</Project>